
Microsoft Visual Studio Solution File, Format Version 12.00
# Visual Studio Version 17
VisualStudioVersion = 17.11.35303.130
MinimumVisualStudioVersion = 10.0.40219.1
Project("{2150E333-8FDC-42A3-9474-1A3956D46DE8}") = "Task0", "Task0", "{91EA3589-2ADD-4EAB-9E66-FE8582A35A1A}"
EndProject
Project("{9A19103F-16F7-4668-BE54-9A1E7A4F7556}") = "Tyuiu.BaldinAA.Sprint1.Task0.V6", "Tyuiu.BaldinAA.Sprint1.Task0.V6\Tyuiu.BaldinAA.Sprint1.Task0.V6.csproj", "{6DB3BEA8-E24E-4763-BADE-4212954BBAB3}"
EndProject
Project("{9A19103F-16F7-4668-BE54-9A1E7A4F7556}") = "Tyuiu.BaldinAA.Sprint1.Task0.V6.Lib", "Tyuiu.BaldinAA.Sprint1.Task0.V6.Lib\Tyuiu.BaldinAA.Sprint1.Task0.V6.Lib.csproj", "{CD992246-3D64-45A1-BA52-54B7067875BD}"
EndProject
Project("{9A19103F-16F7-4668-BE54-9A1E7A4F7556}") = "Tyuiu.BaldinAA.Sprint1.Task0.V6.Test", "Tyuiu.BaldinAA.Sprint1.Task0.V6.Test\Tyuiu.BaldinAA.Sprint1.Task0.V6.Test.csproj", "{D2A17BE6-698D-43A2-9DF0-F11CD1BD0284}"
EndProject
Project("{2150E333-8FDC-42A3-9474-1A3956D46DE8}") = "Task1", "Task1", "{1DB51083-3C00-42E3-8574-56DF9599C89E}"
EndProject
Project("{FAE04EC0-301F-11D3-BF4B-00C04F79EFBC}") = "Tyuiu.BaldinAA.Sprint1.Task1.V8", "Tyuiu.BaldinAA.Sprint1.Task1.V8\Tyuiu.BaldinAA.Sprint1.Task1.V8.csproj", "{62B65384-BB4C-43B0-A314-930E6BD041C4}"
EndProject
Project("{FAE04EC0-301F-11D3-BF4B-00C04F79EFBC}") = "Tyuiu.BaldinAA.Sprint1.Task1.V8.Test", "Tyuiu.BaldinAA.Sprint1.Task1.V8.Test\Tyuiu.BaldinAA.Sprint1.Task1.V8.Test.csproj", "{18825602-5A44-4E3A-8B74-371EE22C44B9}"
EndProject
Project("{FAE04EC0-301F-11D3-BF4B-00C04F79EFBC}") = "Tyuiu.BaldinAA.Sprint1.Task1.V8.Lib", "Tyuiu.BaldinAA.Sprint1.Task1.V8.Lib\Tyuiu.BaldinAA.Sprint1.Task1.V8.Lib.csproj", "{AC6F8F65-0B9C-4153-A32C-72F64C7CA392}"
EndProject
Global
	GlobalSection(SolutionConfigurationPlatforms) = preSolution
		Debug|Any CPU = Debug|Any CPU
		Release|Any CPU = Release|Any CPU
	EndGlobalSection
	GlobalSection(ProjectConfigurationPlatforms) = postSolution
		{6DB3BEA8-E24E-4763-BADE-4212954BBAB3}.Debug|Any CPU.ActiveCfg = Debug|Any CPU
		{6DB3BEA8-E24E-4763-BADE-4212954BBAB3}.Debug|Any CPU.Build.0 = Debug|Any CPU
		{6DB3BEA8-E24E-4763-BADE-4212954BBAB3}.Release|Any CPU.ActiveCfg = Release|Any CPU
		{6DB3BEA8-E24E-4763-BADE-4212954BBAB3}.Release|Any CPU.Build.0 = Release|Any CPU
		{CD992246-3D64-45A1-BA52-54B7067875BD}.Debug|Any CPU.ActiveCfg = Debug|Any CPU
		{CD992246-3D64-45A1-BA52-54B7067875BD}.Debug|Any CPU.Build.0 = Debug|Any CPU
		{CD992246-3D64-45A1-BA52-54B7067875BD}.Release|Any CPU.ActiveCfg = Release|Any CPU
		{CD992246-3D64-45A1-BA52-54B7067875BD}.Release|Any CPU.Build.0 = Release|Any CPU
		{D2A17BE6-698D-43A2-9DF0-F11CD1BD0284}.Debug|Any CPU.ActiveCfg = Debug|Any CPU
		{D2A17BE6-698D-43A2-9DF0-F11CD1BD0284}.Debug|Any CPU.Build.0 = Debug|Any CPU
		{D2A17BE6-698D-43A2-9DF0-F11CD1BD0284}.Release|Any CPU.ActiveCfg = Release|Any CPU
		{D2A17BE6-698D-43A2-9DF0-F11CD1BD0284}.Release|Any CPU.Build.0 = Release|Any CPU
		{62B65384-BB4C-43B0-A314-930E6BD041C4}.Debug|Any CPU.ActiveCfg = Debug|Any CPU
		{62B65384-BB4C-43B0-A314-930E6BD041C4}.Debug|Any CPU.Build.0 = Debug|Any CPU
		{62B65384-BB4C-43B0-A314-930E6BD041C4}.Release|Any CPU.ActiveCfg = Release|Any CPU
		{62B65384-BB4C-43B0-A314-930E6BD041C4}.Release|Any CPU.Build.0 = Release|Any CPU
		{18825602-5A44-4E3A-8B74-371EE22C44B9}.Debug|Any CPU.ActiveCfg = Debug|Any CPU
		{18825602-5A44-4E3A-8B74-371EE22C44B9}.Debug|Any CPU.Build.0 = Debug|Any CPU
		{18825602-5A44-4E3A-8B74-371EE22C44B9}.Release|Any CPU.ActiveCfg = Release|Any CPU
		{18825602-5A44-4E3A-8B74-371EE22C44B9}.Release|Any CPU.Build.0 = Release|Any CPU
		{AC6F8F65-0B9C-4153-A32C-72F64C7CA392}.Debug|Any CPU.ActiveCfg = Debug|Any CPU
		{AC6F8F65-0B9C-4153-A32C-72F64C7CA392}.Debug|Any CPU.Build.0 = Debug|Any CPU
		{AC6F8F65-0B9C-4153-A32C-72F64C7CA392}.Release|Any CPU.ActiveCfg = Release|Any CPU
		{AC6F8F65-0B9C-4153-A32C-72F64C7CA392}.Release|Any CPU.Build.0 = Release|Any CPU
	EndGlobalSection
	GlobalSection(SolutionProperties) = preSolution
		HideSolutionNode = FALSE
	EndGlobalSection
	GlobalSection(NestedProjects) = preSolution
		{6DB3BEA8-E24E-4763-BADE-4212954BBAB3} = {91EA3589-2ADD-4EAB-9E66-FE8582A35A1A}
		{CD992246-3D64-45A1-BA52-54B7067875BD} = {91EA3589-2ADD-4EAB-9E66-FE8582A35A1A}
		{D2A17BE6-698D-43A2-9DF0-F11CD1BD0284} = {91EA3589-2ADD-4EAB-9E66-FE8582A35A1A}
		{62B65384-BB4C-43B0-A314-930E6BD041C4} = {1DB51083-3C00-42E3-8574-56DF9599C89E}
		{18825602-5A44-4E3A-8B74-371EE22C44B9} = {1DB51083-3C00-42E3-8574-56DF9599C89E}
		{AC6F8F65-0B9C-4153-A32C-72F64C7CA392} = {1DB51083-3C00-42E3-8574-56DF9599C89E}
	EndGlobalSection
	GlobalSection(ExtensibilityGlobals) = postSolution
		SolutionGuid = {60C4285D-1489-4263-8C1A-FAD4E93E52FC}
	EndGlobalSection
EndGlobal
